
Microsoft Visual Studio Solution File, Format Version 12.00
# Visual Studio Version 17
VisualStudioVersion = 17.11.35312.102
MinimumVisualStudioVersion = 10.0.40219.1
Project("{FAE04EC0-301F-11D3-BF4B-00C04F79EFBC}") = "DAW", "DAW\DAW.csproj", "{D2884557-F6CE-4737-A727-63142E759FAF}"
EndProject
Global
	GlobalSection(SolutionConfigurationPlatforms) = preSolution
		Debug|Any CPU = Debug|Any CPU
		Release|Any CPU = Release|Any CPU
	EndGlobalSection
	GlobalSection(ProjectConfigurationPlatforms) = postSolution
		{D2884557-F6CE-4737-A727-63142E759FAF}.Debug|Any CPU.ActiveCfg = Debug|Any CPU
		{D2884557-F6CE-4737-A727-63142E759FAF}.Debug|Any CPU.Build.0 = Debug|Any CPU
		{D2884557-F6CE-4737-A727-63142E759FAF}.Release|Any CPU.ActiveCfg = Release|Any CPU
		{D2884557-F6CE-4737-A727-63142E759FAF}.Release|Any CPU.Build.0 = Release|Any CPU
	EndGlobalSection
	GlobalSection(SolutionProperties) = preSolution
		HideSolutionNode = FALSE
	EndGlobalSection
	GlobalSection(ExtensibilityGlobals) = postSolution
		SolutionGuid = {F9ED05E3-40B5-40D7-A7D1-178C0567FD98}
	EndGlobalSection
EndGlobal
